
Microsoft Visual Studio Solution File, Format Version 12.00
# Visual Studio Version 17
VisualStudioVersion = 17.9.34714.143
MinimumVisualStudioVersion = 10.0.40219.1
Project("{FAE04EC0-301F-11D3-BF4B-00C04F79EFBC}") = "SistemaZoologico", "SistemaZoologico\SistemaZoologico.csproj", "{6248C377-BC61-4A6C-A55E-B93C9FF42006}"
EndProject
Global
	GlobalSection(SolutionConfigurationPlatforms) = preSolution
		Debug|Any CPU = Debug|Any CPU
		Release|Any CPU = Release|Any CPU
	EndGlobalSection
	GlobalSection(ProjectConfigurationPlatforms) = postSolution
		{6248C377-BC61-4A6C-A55E-B93C9FF42006}.Debug|Any CPU.ActiveCfg = Debug|Any CPU
		{6248C377-BC61-4A6C-A55E-B93C9FF42006}.Debug|Any CPU.Build.0 = Debug|Any CPU
		{6248C377-BC61-4A6C-A55E-B93C9FF42006}.Release|Any CPU.ActiveCfg = Release|Any CPU
		{6248C377-BC61-4A6C-A55E-B93C9FF42006}.Release|Any CPU.Build.0 = Release|Any CPU
	EndGlobalSection
	GlobalSection(SolutionProperties) = preSolution
		HideSolutionNode = FALSE
	EndGlobalSection
	GlobalSection(ExtensibilityGlobals) = postSolution
		SolutionGuid = {F27292F0-80C6-4C36-8E87-6B8311681DCC}
	EndGlobalSection
EndGlobal
